
Microsoft Visual Studio Solution File, Format Version 12.00
# Visual Studio Version 16
VisualStudioVersion = 16.0.31515.178
MinimumVisualStudioVersion = 10.0.40219.1
Project("{FAE04EC0-301F-11D3-BF4B-00C04F79EFBC}") = "DesignPatterns", "DesignPatterns.csproj", "{4D2BF470-1C77-4F54-90DB-1AA270102A53}"
EndProject
Global
	GlobalSection(SolutionConfigurationPlatforms) = preSolution
		Debug|Any CPU = Debug|Any CPU
		Release|Any CPU = Release|Any CPU
	EndGlobalSection
	GlobalSection(ProjectConfigurationPlatforms) = postSolution
		{4D2BF470-1C77-4F54-90DB-1AA270102A53}.Debug|Any CPU.ActiveCfg = Debug|Any CPU
		{4D2BF470-1C77-4F54-90DB-1AA270102A53}.Debug|Any CPU.Build.0 = Debug|Any CPU
		{4D2BF470-1C77-4F54-90DB-1AA270102A53}.Release|Any CPU.ActiveCfg = Release|Any CPU
		{4D2BF470-1C77-4F54-90DB-1AA270102A53}.Release|Any CPU.Build.0 = Release|Any CPU
	EndGlobalSection
	GlobalSection(SolutionProperties) = preSolution
		HideSolutionNode = FALSE
	EndGlobalSection
	GlobalSection(ExtensibilityGlobals) = postSolution
		SolutionGuid = {876FEBD7-7A13-4DB1-BC1B-539B908DDA5A}
	EndGlobalSection
EndGlobal
